
Microsoft Visual Studio Solution File, Format Version 12.00
# Visual Studio Version 17
VisualStudioVersion = 17.1.32319.34
MinimumVisualStudioVersion = 10.0.40219.1
Project("{2150E333-8FDC-42A3-9474-1A3956D46DE8}") = "01- Presentation", "01- Presentation", "{F16B8444-33A5-4188-A6D8-CC8D848FA252}"
EndProject
Project("{2150E333-8FDC-42A3-9474-1A3956D46DE8}") = "02- ApplicationServices", "02- ApplicationServices", "{08D35338-C7CD-409B-94F4-4C8FDB6D8649}"
EndProject
Project("{2150E333-8FDC-42A3-9474-1A3956D46DE8}") = "03- EntitiesServices", "03- EntitiesServices", "{4E13D1EE-4CAE-4CFC-90BC-574E4261BFDA}"
EndProject
Project("{2150E333-8FDC-42A3-9474-1A3956D46DE8}") = "04- DataServices", "04- DataServices", "{12AD0554-9598-4BD3-89DE-D09FC93E3E90}"
EndProject
Project("{2150E333-8FDC-42A3-9474-1A3956D46DE8}") = "05- ExternalServices", "05- ExternalServices", "{1F9B4CF1-0ACB-4717-AAF5-42EF2FEBAE8C}"
EndProject
Project("{2150E333-8FDC-42A3-9474-1A3956D46DE8}") = "06- CrossCutting", "06- CrossCutting", "{B54451C8-EEE6-4E9E-A14E-A9783EF3BA45}"
EndProject
Project("{FAE04EC0-301F-11D3-BF4B-00C04F79EFBC}") = "Presentation_EcoAssist", "Presentation_EcoAssist\Presentation_EcoAssist.csproj", "{3329CA9B-8E2F-485B-B896-2EF51438EDBF}"
EndProject
Project("{FAE04EC0-301F-11D3-BF4B-00C04F79EFBC}") = "CrossCutting", "CrossCutting\CrossCutting.csproj", "{E59C5BD2-E664-40B0-B6A7-334A284CBDE5}"
EndProject
Project("{FAE04EC0-301F-11D3-BF4B-00C04F79EFBC}") = "EntitiesServices", "EntitiesServices\EntitiesServices.csproj", "{295D109E-9888-4C71-9354-ADE00C6AF343}"
EndProject
Project("{FAE04EC0-301F-11D3-BF4B-00C04F79EFBC}") = "ApplicationServices", "ApplicationServices\ApplicationServices.csproj", "{EF2FFB24-56EB-473A-BFC4-B5093D7BCD2C}"
EndProject
Project("{FAE04EC0-301F-11D3-BF4B-00C04F79EFBC}") = "DataServices", "DataServices\DataServices.csproj", "{0F435687-A32B-43C8-9718-9D48C858E157}"
EndProject
Global
	GlobalSection(SolutionConfigurationPlatforms) = preSolution
		Debug|Any CPU = Debug|Any CPU
		Release|Any CPU = Release|Any CPU
	EndGlobalSection
	GlobalSection(ProjectConfigurationPlatforms) = postSolution
		{3329CA9B-8E2F-485B-B896-2EF51438EDBF}.Debug|Any CPU.ActiveCfg = Debug|Any CPU
		{3329CA9B-8E2F-485B-B896-2EF51438EDBF}.Debug|Any CPU.Build.0 = Debug|Any CPU
		{3329CA9B-8E2F-485B-B896-2EF51438EDBF}.Release|Any CPU.ActiveCfg = Release|Any CPU
		{3329CA9B-8E2F-485B-B896-2EF51438EDBF}.Release|Any CPU.Build.0 = Release|Any CPU
		{E59C5BD2-E664-40B0-B6A7-334A284CBDE5}.Debug|Any CPU.ActiveCfg = Debug|Any CPU
		{E59C5BD2-E664-40B0-B6A7-334A284CBDE5}.Debug|Any CPU.Build.0 = Debug|Any CPU
		{E59C5BD2-E664-40B0-B6A7-334A284CBDE5}.Release|Any CPU.ActiveCfg = Release|Any CPU
		{E59C5BD2-E664-40B0-B6A7-334A284CBDE5}.Release|Any CPU.Build.0 = Release|Any CPU
		{295D109E-9888-4C71-9354-ADE00C6AF343}.Debug|Any CPU.ActiveCfg = Debug|Any CPU
		{295D109E-9888-4C71-9354-ADE00C6AF343}.Debug|Any CPU.Build.0 = Debug|Any CPU
		{295D109E-9888-4C71-9354-ADE00C6AF343}.Release|Any CPU.ActiveCfg = Release|Any CPU
		{295D109E-9888-4C71-9354-ADE00C6AF343}.Release|Any CPU.Build.0 = Release|Any CPU
		{EF2FFB24-56EB-473A-BFC4-B5093D7BCD2C}.Debug|Any CPU.ActiveCfg = Debug|Any CPU
		{EF2FFB24-56EB-473A-BFC4-B5093D7BCD2C}.Debug|Any CPU.Build.0 = Debug|Any CPU
		{EF2FFB24-56EB-473A-BFC4-B5093D7BCD2C}.Release|Any CPU.ActiveCfg = Release|Any CPU
		{EF2FFB24-56EB-473A-BFC4-B5093D7BCD2C}.Release|Any CPU.Build.0 = Release|Any CPU
		{0F435687-A32B-43C8-9718-9D48C858E157}.Debug|Any CPU.ActiveCfg = Debug|Any CPU
		{0F435687-A32B-43C8-9718-9D48C858E157}.Debug|Any CPU.Build.0 = Debug|Any CPU
		{0F435687-A32B-43C8-9718-9D48C858E157}.Release|Any CPU.ActiveCfg = Release|Any CPU
		{0F435687-A32B-43C8-9718-9D48C858E157}.Release|Any CPU.Build.0 = Release|Any CPU
	EndGlobalSection
	GlobalSection(SolutionProperties) = preSolution
		HideSolutionNode = FALSE
	EndGlobalSection
	GlobalSection(NestedProjects) = preSolution
		{3329CA9B-8E2F-485B-B896-2EF51438EDBF} = {F16B8444-33A5-4188-A6D8-CC8D848FA252}
		{E59C5BD2-E664-40B0-B6A7-334A284CBDE5} = {B54451C8-EEE6-4E9E-A14E-A9783EF3BA45}
		{295D109E-9888-4C71-9354-ADE00C6AF343} = {4E13D1EE-4CAE-4CFC-90BC-574E4261BFDA}
		{EF2FFB24-56EB-473A-BFC4-B5093D7BCD2C} = {08D35338-C7CD-409B-94F4-4C8FDB6D8649}
		{0F435687-A32B-43C8-9718-9D48C858E157} = {12AD0554-9598-4BD3-89DE-D09FC93E3E90}
	EndGlobalSection
	GlobalSection(ExtensibilityGlobals) = postSolution
		SolutionGuid = {5F672314-2386-4536-A770-B2803812EFFF}
	EndGlobalSection
EndGlobal
